
Microsoft Visual Studio Solution File, Format Version 12.00
# Visual Studio 15
VisualStudioVersion = 15.0.28307.1022
MinimumVisualStudioVersion = 10.0.40219.1
Project("{FAE04EC0-301F-11D3-BF4B-00C04F79EFBC}") = "QLThucTapSinh", "QLThucTapSinh\QLThucTapSinh.csproj", "{D4A5D236-91F3-4843-B218-9BFBDF74FCAF}"
EndProject
Global
	GlobalSection(SolutionConfigurationPlatforms) = preSolution
		Debug|Any CPU = Debug|Any CPU
		Release|Any CPU = Release|Any CPU
	EndGlobalSection
	GlobalSection(ProjectConfigurationPlatforms) = postSolution
		{D4A5D236-91F3-4843-B218-9BFBDF74FCAF}.Debug|Any CPU.ActiveCfg = Debug|Any CPU
		{D4A5D236-91F3-4843-B218-9BFBDF74FCAF}.Debug|Any CPU.Build.0 = Debug|Any CPU
		{D4A5D236-91F3-4843-B218-9BFBDF74FCAF}.Release|Any CPU.ActiveCfg = Release|Any CPU
		{D4A5D236-91F3-4843-B218-9BFBDF74FCAF}.Release|Any CPU.Build.0 = Release|Any CPU
	EndGlobalSection
	GlobalSection(SolutionProperties) = preSolution
		HideSolutionNode = FALSE
	EndGlobalSection
	GlobalSection(ExtensibilityGlobals) = postSolution
		SolutionGuid = {6509BCB4-F2FF-429E-B3E6-E6BF5A7A86E0}
	EndGlobalSection
EndGlobal
